// !$*UTF8*$!
{
	archiveVersion = 1;
	classes = {
	};
	objectVersion = 46;
	objects = {

/* Begin PBXBuildFile section */
		204014561EB4AB43007F9CD2 /* AppDelegate.swift in Sources */ = {isa = PBXBuildFile; fileRef = 204014551EB4AB43007F9CD2 /* AppDelegate.swift */; };
		204014581EB4AB43007F9CD2 /* MainVC.swift in Sources */ = {isa = PBXBuildFile; fileRef = 204014571EB4AB43007F9CD2 /* MainVC.swift */; };
		2040145B1EB4AB43007F9CD2 /* Main.storyboard in Resources */ = {isa = PBXBuildFile; fileRef = 204014591EB4AB43007F9CD2 /* Main.storyboard */; };
		2040145D1EB4AB43007F9CD2 /* Assets.xcassets in Resources */ = {isa = PBXBuildFile; fileRef = 2040145C1EB4AB43007F9CD2 /* Assets.xcassets */; };
		204014601EB4AB43007F9CD2 /* LaunchScreen.storyboard in Resources */ = {isa = PBXBuildFile; fileRef = 2040145E1EB4AB43007F9CD2 /* LaunchScreen.storyboard */; };
		2040146D1EB4C909007F9CD2 /* ItemCell.swift in Sources */ = {isa = PBXBuildFile; fileRef = 2040146C1EB4C909007F9CD2 /* ItemCell.swift */; };
		2040148F1EB4DD99007F9CD2 /* MaterialView.swift in Sources */ = {isa = PBXBuildFile; fileRef = 2040148E1EB4DD99007F9CD2 /* MaterialView.swift */; };
		20D77DFC1EB4FDFE0047D8D8 /* Constants.swift in Sources */ = {isa = PBXBuildFile; fileRef = 20D77DFB1EB4FDFE0047D8D8 /* Constants.swift */; };
		20D77E001EB50B760047D8D8 /* PopularPhotos.swift in Sources */ = {isa = PBXBuildFile; fileRef = 20D77DFF1EB50B760047D8D8 /* PopularPhotos.swift */; };
		20DBDC671EB72D2A00578541 /* spin.gif in Resources */ = {isa = PBXBuildFile; fileRef = 20DBDC661EB72D2A00578541 /* spin.gif */; };
		20DBDC691EB763C200578541 /* PhotoDetailVC.swift in Sources */ = {isa = PBXBuildFile; fileRef = 20DBDC681EB763C200578541 /* PhotoDetailVC.swift */; };
		444F9A0299BB655BEDA72762 /* Pods_unsplash.framework in Frameworks */ = {isa = PBXBuildFile; fileRef = 24CB8A1635DE28D97FC70F96 /* Pods_unsplash.framework */; };
/* End PBXBuildFile section */

/* Begin PBXFileReference section */
		204014521EB4AB43007F9CD2 /* unsplash.app */ = {isa = PBXFileReference; explicitFileType = wrapper.application; includeInIndex = 0; path = unsplash.app; sourceTree = BUILT_PRODUCTS_DIR; };
		204014551EB4AB43007F9CD2 /* AppDelegate.swift */ = {isa = PBXFileReference; lastKnownFileType = sourcecode.swift; path = AppDelegate.swift; sourceTree = "<group>"; };
		204014571EB4AB43007F9CD2 /* MainVC.swift */ = {isa = PBXFileReference; lastKnownFileType = sourcecode.swift; path = MainVC.swift; sourceTree = "<group>"; };
		2040145A1EB4AB43007F9CD2 /* Base */ = {isa = PBXFileReference; lastKnownFileType = file.storyboard; name = Base; path = Base.lproj/Main.storyboard; sourceTree = "<group>"; };
		2040145C1EB4AB43007F9CD2 /* Assets.xcassets */ = {isa = PBXFileReference; lastKnownFileType = folder.assetcatalog; path = Assets.xcassets; sourceTree = "<group>"; };
		2040145F1EB4AB43007F9CD2 /* Base */ = {isa = PBXFileReference; lastKnownFileType = file.storyboard; name = Base; path = Base.lproj/LaunchScreen.storyboard; sourceTree = "<group>"; };
		204014611EB4AB43007F9CD2 /* Info.plist */ = {isa = PBXFileReference; lastKnownFileType = text.plist.xml; path = Info.plist; sourceTree = "<group>"; };
		2040146C1EB4C909007F9CD2 /* ItemCell.swift */ = {isa = PBXFileReference; fileEncoding = 4; lastKnownFileType = sourcecode.swift; path = ItemCell.swift; sourceTree = "<group>"; };
		2040148E1EB4DD99007F9CD2 /* MaterialView.swift */ = {isa = PBXFileReference; fileEncoding = 4; lastKnownFileType = sourcecode.swift; path = MaterialView.swift; sourceTree = "<group>"; };
		20D77DFB1EB4FDFE0047D8D8 /* Constants.swift */ = {isa = PBXFileReference; fileEncoding = 4; lastKnownFileType = sourcecode.swift; path = Constants.swift; sourceTree = "<group>"; };
		20D77DFF1EB50B760047D8D8 /* PopularPhotos.swift */ = {isa = PBXFileReference; fileEncoding = 4; lastKnownFileType = sourcecode.swift; path = PopularPhotos.swift; sourceTree = "<group>"; };
		20DBDC631EB66C3200578541 /* unsplash-Bridging-Header.h */ = {isa = PBXFileReference; lastKnownFileType = sourcecode.c.h; path = "unsplash-Bridging-Header.h"; sourceTree = "<group>"; };
		20DBDC661EB72D2A00578541 /* spin.gif */ = {isa = PBXFileReference; lastKnownFileType = image.gif; path = spin.gif; sourceTree = "<group>"; };
		20DBDC681EB763C200578541 /* PhotoDetailVC.swift */ = {isa = PBXFileReference; fileEncoding = 4; lastKnownFileType = sourcecode.swift; path = PhotoDetailVC.swift; sourceTree = "<group>"; };
		24CB8A1635DE28D97FC70F96 /* Pods_unsplash.framework */ = {isa = PBXFileReference; explicitFileType = wrapper.framework; includeInIndex = 0; path = Pods_unsplash.framework; sourceTree = BUILT_PRODUCTS_DIR; };
		38A9A0C436FC06A6369CE63D /* Pods-unsplash.release.xcconfig */ = {isa = PBXFileReference; includeInIndex = 1; lastKnownFileType = text.xcconfig; name = "Pods-unsplash.release.xcconfig"; path = "Pods/Target Support Files/Pods-unsplash/Pods-unsplash.release.xcconfig"; sourceTree = "<group>"; };
		9D7ECAB435D515329C026734 /* Pods-unsplash.debug.xcconfig */ = {isa = PBXFileReference; includeInIndex = 1; lastKnownFileType = text.xcconfig; name = "Pods-unsplash.debug.xcconfig"; path = "Pods/Target Support Files/Pods-unsplash/Pods-unsplash.debug.xcconfig"; sourceTree = "<group>"; };
/* End PBXFileReference section */

/* Begin PBXFrameworksBuildPhase section */
		2040144F1EB4AB43007F9CD2 /* Frameworks */ = {
			isa = PBXFrameworksBuildPhase;
			buildActionMask = 2147483647;
			files = (
				444F9A0299BB655BEDA72762 /* Pods_unsplash.framework in Frameworks */,
			);
			runOnlyForDeploymentPostprocessing = 0;
		};
/* End PBXFrameworksBuildPhase section */

/* Begin PBXGroup section */
		204014491EB4AB43007F9CD2 = {
			isa = PBXGroup;
			children = (
				204014541EB4AB43007F9CD2 /* unsplash */,
				204014531EB4AB43007F9CD2 /* Products */,
				CAF7136D6628BCA06D74E628 /* Pods */,
				52D1D905D499FA7B58DA656D /* Frameworks */,
			);
			sourceTree = "<group>";
		};
		204014531EB4AB43007F9CD2 /* Products */ = {
			isa = PBXGroup;
			children = (
				204014521EB4AB43007F9CD2 /* unsplash.app */,
			);
			name = Products;
			sourceTree = "<group>";
		};
		204014541EB4AB43007F9CD2 /* unsplash */ = {
			isa = PBXGroup;
			children = (
				20D77DF91EB4FDD60047D8D8 /* Model */,
				204014691EB4C43D007F9CD2 /* view */,
				20D77DFA1EB4FDDE0047D8D8 /* Controller */,
				204014551EB4AB43007F9CD2 /* AppDelegate.swift */,
				204014591EB4AB43007F9CD2 /* Main.storyboard */,
				2040145C1EB4AB43007F9CD2 /* Assets.xcassets */,
				2040145E1EB4AB43007F9CD2 /* LaunchScreen.storyboard */,
				204014611EB4AB43007F9CD2 /* Info.plist */,
				20DBDC661EB72D2A00578541 /* spin.gif */,
				20DBDC631EB66C3200578541 /* unsplash-Bridging-Header.h */,
			);
			name = unsplash;
			path = uplash;
			sourceTree = "<group>";
		};
		204014691EB4C43D007F9CD2 /* view */ = {
			isa = PBXGroup;
			children = (
				2040146C1EB4C909007F9CD2 /* ItemCell.swift */,
				2040148E1EB4DD99007F9CD2 /* MaterialView.swift */,
			);
			name = view;
			sourceTree = "<group>";
		};
		20D77DF91EB4FDD60047D8D8 /* Model */ = {
			isa = PBXGroup;
			children = (
				20D77DFB1EB4FDFE0047D8D8 /* Constants.swift */,
				20D77DFF1EB50B760047D8D8 /* PopularPhotos.swift */,
			);
			name = Model;
			sourceTree = "<group>";
		};
		20D77DFA1EB4FDDE0047D8D8 /* Controller */ = {
			isa = PBXGroup;
			children = (
				204014571EB4AB43007F9CD2 /* MainVC.swift */,
				20DBDC681EB763C200578541 /* PhotoDetailVC.swift */,
			);
			name = Controller;
			sourceTree = "<group>";
		};
		52D1D905D499FA7B58DA656D /* Frameworks */ = {
			isa = PBXGroup;
			children = (
				24CB8A1635DE28D97FC70F96 /* Pods_unsplash.framework */,
			);
			name = Frameworks;
			sourceTree = "<group>";
		};
		CAF7136D6628BCA06D74E628 /* Pods */ = {
			isa = PBXGroup;
			children = (
				9D7ECAB435D515329C026734 /* Pods-unsplash.debug.xcconfig */,
				38A9A0C436FC06A6369CE63D /* Pods-unsplash.release.xcconfig */,
			);
			name = Pods;
			sourceTree = "<group>";
		};
/* End PBXGroup section */

/* Begin PBXNativeTarget section */
		204014511EB4AB43007F9CD2 /* unsplash */ = {
			isa = PBXNativeTarget;
			buildConfigurationList = 204014641EB4AB43007F9CD2 /* Build configuration list for PBXNativeTarget "unsplash" */;
			buildPhases = (
				8C04073DF3BD288A9164C1B4 /* [CP] Check Pods Manifest.lock */,
				2040144E1EB4AB43007F9CD2 /* Sources */,
				2040144F1EB4AB43007F9CD2 /* Frameworks */,
				204014501EB4AB43007F9CD2 /* Resources */,
				40875F25B0DC547DDC8D3A70 /* [CP] Embed Pods Frameworks */,
				C329D871A02A75F758375B0E /* [CP] Copy Pods Resources */,
			);
			buildRules = (
			);
			dependencies = (
			);
			name = unsplash;
			productName = uplash;
			productReference = 204014521EB4AB43007F9CD2 /* unsplash.app */;
			productType = "com.apple.product-type.application";
		};
/* End PBXNativeTarget section */

/* Begin PBXProject section */
		2040144A1EB4AB43007F9CD2 /* Project object */ = {
			isa = PBXProject;
			attributes = {
				LastSwiftUpdateCheck = 0830;
				LastUpgradeCheck = 0830;
				ORGANIZATIONNAME = cpicondo;
				TargetAttributes = {
					204014511EB4AB43007F9CD2 = {
						CreatedOnToolsVersion = 8.3.2;
						DevelopmentTeam = T5P553WJA5;
						LastSwiftMigration = 0830;
						ProvisioningStyle = Automatic;
					};
				};
			};
			buildConfigurationList = 2040144D1EB4AB43007F9CD2 /* Build configuration list for PBXProject "unsplash" */;
			compatibilityVersion = "Xcode 3.2";
			developmentRegion = English;
			hasScannedForEncodings = 0;
			knownRegions = (
				en,
				Base,
			);
			mainGroup = 204014491EB4AB43007F9CD2;
			productRefGroup = 204014531EB4AB43007F9CD2 /* Products */;
			projectDirPath = "";
			projectRoot = "";
			targets = (
				204014511EB4AB43007F9CD2 /* unsplash */,
			);
		};
/* End PBXProject section */

/* Begin PBXResourcesBuildPhase section */
		204014501EB4AB43007F9CD2 /* Resources */ = {
			isa = PBXResourcesBuildPhase;
			buildActionMask = 2147483647;
			files = (
				204014601EB4AB43007F9CD2 /* LaunchScreen.storyboard in Resources */,
				2040145D1EB4AB43007F9CD2 /* Assets.xcassets in Resources */,
				20DBDC671EB72D2A00578541 /* spin.gif in Resources */,
				2040145B1EB4AB43007F9CD2 /* Main.storyboard in Resources */,
			);
			runOnlyForDeploymentPostprocessing = 0;
		};
/* End PBXResourcesBuildPhase section */

/* Begin PBXShellScriptBuildPhase section */
		40875F25B0DC547DDC8D3A70 /* [CP] Embed Pods Frameworks */ = {
			isa = PBXShellScriptBuildPhase;
			buildActionMask = 2147483647;
			files = (
			);
			inputPaths = (
			);
			name = "[CP] Embed Pods Frameworks";
			outputPaths = (
			);
			runOnlyForDeploymentPostprocessing = 0;
			shellPath = /bin/sh;
			shellScript = "\"${SRCROOT}/Pods/Target Support Files/Pods-unsplash/Pods-unsplash-frameworks.sh\"\n";
			showEnvVarsInLog = 0;
		};
		8C04073DF3BD288A9164C1B4 /* [CP] Check Pods Manifest.lock */ = {
			isa = PBXShellScriptBuildPhase;
			buildActionMask = 2147483647;
			files = (
			);
			inputPaths = (
			);
			name = "[CP] Check Pods Manifest.lock";
			outputPaths = (
			);
			runOnlyForDeploymentPostprocessing = 0;
			shellPath = /bin/sh;
			shellScript = "diff \"${PODS_PODFILE_DIR_PATH}/Podfile.lock\" \"${PODS_ROOT}/Manifest.lock\" > /dev/null\nif [ $? != 0 ] ; then\n    # print error to STDERR\n    echo \"error: The sandbox is not in sync with the Podfile.lock. Run 'pod install' or update your CocoaPods installation.\" >&2\n    exit 1\nfi\n";
			showEnvVarsInLog = 0;
		};
		C329D871A02A75F758375B0E /* [CP] Copy Pods Resources */ = {
			isa = PBXShellScriptBuildPhase;
			buildActionMask = 2147483647;
			files = (
			);
			inputPaths = (
			);
			name = "[CP] Copy Pods Resources";
			outputPaths = (
			);
			runOnlyForDeploymentPostprocessing = 0;
			shellPath = /bin/sh;
			shellScript = "\"${SRCROOT}/Pods/Target Support Files/Pods-unsplash/Pods-unsplash-resources.sh\"\n";
			showEnvVarsInLog = 0;
		};
/* End PBXShellScriptBuildPhase section */

/* Begin PBXSourcesBuildPhase section */
		2040144E1EB4AB43007F9CD2 /* Sources */ = {
			isa = PBXSourcesBuildPhase;
			buildActionMask = 2147483647;
			files = (
				20D77DFC1EB4FDFE0047D8D8 /* Constants.swift in Sources */,
				2040146D1EB4C909007F9CD2 /* ItemCell.swift in Sources */,
				20DBDC691EB763C200578541 /* PhotoDetailVC.swift in Sources */,
				20D77E001EB50B760047D8D8 /* PopularPhotos.swift in Sources */,
				204014581EB4AB43007F9CD2 /* MainVC.swift in Sources */,
				204014561EB4AB43007F9CD2 /* AppDelegate.swift in Sources */,
				2040148F1EB4DD99007F9CD2 /* MaterialView.swift in Sources */,
			);
			runOnlyForDeploymentPostprocessing = 0;
		};
/* End PBXSourcesBuildPhase section */

/* Begin PBXVariantGroup section */
		204014591EB4AB43007F9CD2 /* Main.storyboard */ = {
			isa = PBXVariantGroup;
			children = (
				2040145A1EB4AB43007F9CD2 /* Base */,
			);
			name = Main.storyboard;
			sourceTree = "<group>";
		};
		2040145E1EB4AB43007F9CD2 /* LaunchScreen.storyboard */ = {
			isa = PBXVariantGroup;
			children = (
				2040145F1EB4AB43007F9CD2 /* Base */,
			);
			name = LaunchScreen.storyboard;
			sourceTree = "<group>";
		};
/* End PBXVariantGroup section */

/* Begin XCBuildConfiguration section */
		204014621EB4AB43007F9CD2 /* Debug */ = {
			isa = XCBuildConfiguration;
			buildSettings = {
				ALWAYS_SEARCH_USER_PATHS = NO;
				CLANG_ANALYZER_NONNULL = YES;
				CLANG_ANALYZER_NUMBER_OBJECT_CONVERSION = YES_AGGRESSIVE;
				CLANG_CXX_LANGUAGE_STANDARD = "gnu++0x";
				CLANG_CXX_LIBRARY = "libc++";
				CLANG_ENABLE_MODULES = YES;
				CLANG_ENABLE_OBJC_ARC = YES;
				CLANG_WARN_BOOL_CONVERSION = YES;
				CLANG_WARN_CONSTANT_CONVERSION = YES;
				CLANG_WARN_DIRECT_OBJC_ISA_USAGE = YES_ERROR;
				CLANG_WARN_DOCUMENTATION_COMMENTS = YES;
				CLANG_WARN_EMPTY_BODY = YES;
				CLANG_WARN_ENUM_CONVERSION = YES;
				CLANG_WARN_INFINITE_RECURSION = YES;
				CLANG_WARN_INT_CONVERSION = YES;
				CLANG_WARN_OBJC_ROOT_CLASS = YES_ERROR;
				CLANG_WARN_SUSPICIOUS_MOVE = YES;
				CLANG_WARN_UNREACHABLE_CODE = YES;
				CLANG_WARN__DUPLICATE_METHOD_MATCH = YES;
				"CODE_SIGN_IDENTITY[sdk=iphoneos*]" = "iPhone Developer";
				COPY_PHASE_STRIP = NO;
				DEBUG_INFORMATION_FORMAT = dwarf;
				ENABLE_STRICT_OBJC_MSGSEND = YES;
				ENABLE_TESTABILITY = YES;
				GCC_C_LANGUAGE_STANDARD = gnu99;
				GCC_DYNAMIC_NO_PIC = NO;
				GCC_NO_COMMON_BLOCKS = YES;
				GCC_OPTIMIZATION_LEVEL = 0;
				GCC_PREPROCESSOR_DEFINITIONS = (
					"DEBUG=1",
					"$(inherited)",
				);
				GCC_WARN_64_TO_32_BIT_CONVERSION = YES;
				GCC_WARN_ABOUT_RETURN_TYPE = YES_ERROR;
				GCC_WARN_UNDECLARED_SELECTOR = YES;
				GCC_WARN_UNINITIALIZED_AUTOS = YES_AGGRESSIVE;
				GCC_WARN_UNUSED_FUNCTION = YES;
				GCC_WARN_UNUSED_VARIABLE = YES;
				IPHONEOS_DEPLOYMENT_TARGET = 10.3;
				MTL_ENABLE_DEBUG_INFO = YES;
				ONLY_ACTIVE_ARCH = YES;
				SDKROOT = iphoneos;
				SWIFT_ACTIVE_COMPILATION_CONDITIONS = DEBUG;
				SWIFT_OPTIMIZATION_LEVEL = "-Onone";
			};
			name = Debug;
		};
		204014631EB4AB43007F9CD2 /* Release */ = {
			isa = XCBuildConfiguration;
			buildSettings = {
				ALWAYS_SEARCH_USER_PATHS = NO;
				CLANG_ANALYZER_NONNULL = YES;
				CLANG_ANALYZER_NUMBER_OBJECT_CONVERSION = YES_AGGRESSIVE;
				CLANG_CXX_LANGUAGE_STANDARD = "gnu++0x";
				CLANG_CXX_LIBRARY = "libc++";
				CLANG_ENABLE_MODULES = YES;
				CLANG_ENABLE_OBJC_ARC = YES;
				CLANG_WARN_BOOL_CONVERSION = YES;
				CLANG_WARN_CONSTANT_CONVERSION = YES;
				CLANG_WARN_DIRECT_OBJC_ISA_USAGE = YES_ERROR;
				CLANG_WARN_DOCUMENTATION_COMMENTS = YES;
				CLANG_WARN_EMPTY_BODY = YES;
				CLANG_WARN_ENUM_CONVERSION = YES;
				CLANG_WARN_INFINITE_RECURSION = YES;
				CLANG_WARN_INT_CONVERSION = YES;
				CLANG_WARN_OBJC_ROOT_CLASS = YES_ERROR;
				CLANG_WARN_SUSPICIOUS_MOVE = YES;
				CLANG_WARN_UNREACHABLE_CODE = YES;
				CLANG_WARN__DUPLICATE_METHOD_MATCH = YES;
				"CODE_SIGN_IDENTITY[sdk=iphoneos*]" = "iPhone Developer";
				COPY_PHASE_STRIP = NO;
				DEBUG_INFORMATION_FORMAT = "dwarf-with-dsym";
				ENABLE_NS_ASSERTIONS = NO;
				ENABLE_STRICT_OBJC_MSGSEND = YES;
				GCC_C_LANGUAGE_STANDARD = gnu99;
				GCC_NO_COMMON_BLOCKS = YES;
				GCC_WARN_64_TO_32_BIT_CONVERSION = YES;
				GCC_WARN_ABOUT_RETURN_TYPE = YES_ERROR;
				GCC_WARN_UNDECLARED_SELECTOR = YES;
				GCC_WARN_UNINITIALIZED_AUTOS = YES_AGGRESSIVE;
				GCC_WARN_UNUSED_FUNCTION = YES;
				GCC_WARN_UNUSED_VARIABLE = YES;
				IPHONEOS_DEPLOYMENT_TARGET = 10.3;
				MTL_ENABLE_DEBUG_INFO = NO;
				SDKROOT = iphoneos;
				SWIFT_OPTIMIZATION_LEVEL = "-Owholemodule";
				VALIDATE_PRODUCT = YES;
			};
			name = Release;
		};
		204014651EB4AB43007F9CD2 /* Debug */ = {
			isa = XCBuildConfiguration;
			baseConfigurationReference = 9D7ECAB435D515329C026734 /* Pods-unsplash.debug.xcconfig */;
			buildSettings = {
				ASSETCATALOG_COMPILER_APPICON_NAME = AppIcon;
				CLANG_ENABLE_MODULES = YES;
				DEVELOPMENT_TEAM = T5P553WJA5;
				INFOPLIST_FILE = uplash/Info.plist;
				LD_RUNPATH_SEARCH_PATHS = "$(inherited) @executable_path/Frameworks";
				PRODUCT_BUNDLE_IDENTIFIER = com.picondochristian.uplash;
				PRODUCT_NAME = "$(TARGET_NAME)";
				SWIFT_OBJC_BRIDGING_HEADER = "uplash/unsplash-Bridging-Header.h";
				SWIFT_OPTIMIZATION_LEVEL = "-Onone";
				SWIFT_VERSION = 3.0;
			};
			name = Debug;
		};
		204014661EB4AB43007F9CD2 /* Release */ = {
			isa = XCBuildConfiguration;
			baseConfigurationReference = 38A9A0C436FC06A6369CE63D /* Pods-unsplash.release.xcconfig */;
			buildSettings = {
				ASSETCATALOG_COMPILER_APPICON_NAME = AppIcon;
				CLANG_ENABLE_MODULES = YES;
				DEVELOPMENT_TEAM = T5P553WJA5;
				INFOPLIST_FILE = uplash/Info.plist;
				LD_RUNPATH_SEARCH_PATHS = "$(inherited) @executable_path/Frameworks";
				PRODUCT_BUNDLE_IDENTIFIER = com.picondochristian.uplash;
				PRODUCT_NAME = "$(TARGET_NAME)";
				SWIFT_OBJC_BRIDGING_HEADER = "uplash/unsplash-Bridging-Header.h";
				SWIFT_VERSION = 3.0;
			};
			name = Release;
		};
/* End XCBuildConfiguration section */

/* Begin XCConfigurationList section */
		2040144D1EB4AB43007F9CD2 /* Build configuration list for PBXProject "unsplash" */ = {
			isa = XCConfigurationList;
			buildConfigurations = (
				204014621EB4AB43007F9CD2 /* Debug */,
				204014631EB4AB43007F9CD2 /* Release */,
			);
			defaultConfigurationIsVisible = 0;
			defaultConfigurationName = Release;
		};
		204014641EB4AB43007F9CD2 /* Build configuration list for PBXNativeTarget "unsplash" */ = {
			isa = XCConfigurationList;
			buildConfigurations = (
				204014651EB4AB43007F9CD2 /* Debug */,
				204014661EB4AB43007F9CD2 /* Release */,
			);
			defaultConfigurationIsVisible = 0;
			defaultConfigurationName = Release;
		};
/* End XCConfigurationList section */
	};
	rootObject = 2040144A1EB4AB43007F9CD2 /* Project object */;
}
